// !$*UTF8*$!
{
	archiveVersion = 1;
	classes = {
	};
	objectVersion = 55;
	objects = {

/* Begin PBXBuildFile section */
		182344EF2B69376B0040FEA0 /* AddProductViewController.swift in Sources */ = {isa = PBXBuildFile; fileRef = 182344EE2B69376B0040FEA0 /* AddProductViewController.swift */; };
		1899338D2B5C321100E1028E /* AppDelegate.swift in Sources */ = {isa = PBXBuildFile; fileRef = 1899338C2B5C321100E1028E /* AppDelegate.swift */; };
		1899338F2B5C321100E1028E /* SceneDelegate.swift in Sources */ = {isa = PBXBuildFile; fileRef = 1899338E2B5C321100E1028E /* SceneDelegate.swift */; };
		189933942B5C321100E1028E /* Main.storyboard in Resources */ = {isa = PBXBuildFile; fileRef = 189933922B5C321100E1028E /* Main.storyboard */; };
		189933962B5C321400E1028E /* Assets.xcassets in Resources */ = {isa = PBXBuildFile; fileRef = 189933952B5C321400E1028E /* Assets.xcassets */; };
		189933992B5C321400E1028E /* LaunchScreen.storyboard in Resources */ = {isa = PBXBuildFile; fileRef = 189933972B5C321400E1028E /* LaunchScreen.storyboard */; };
		189933AB2B5C34CA00E1028E /* ProductModel.swift in Sources */ = {isa = PBXBuildFile; fileRef = 189933AA2B5C34CA00E1028E /* ProductModel.swift */; };
		189933AD2B5C35B500E1028E /* APIHelper.swift in Sources */ = {isa = PBXBuildFile; fileRef = 189933AC2B5C35B500E1028E /* APIHelper.swift */; };
		1899F51E2B5CB502008ECEB5 /* Constant.swift in Sources */ = {isa = PBXBuildFile; fileRef = 1899F51D2B5CB502008ECEB5 /* Constant.swift */; };
		189B1EE02B6A4533007402FE /* AddProduct.swift in Sources */ = {isa = PBXBuildFile; fileRef = 189B1EDF2B6A4533007402FE /* AddProduct.swift */; };
		189B1EE22B6A48C8007402FE /* ProductEndPoint.swift in Sources */ = {isa = PBXBuildFile; fileRef = 189B1EE12B6A48C8007402FE /* ProductEndPoint.swift */; };
		189FB82F2B66BDD5000B81AF /* endPointType.swift in Sources */ = {isa = PBXBuildFile; fileRef = 189FB82E2B66BDD5000B81AF /* endPointType.swift */; };
		18B405A92B5E361C00865812 /* ProductListVC.swift in Sources */ = {isa = PBXBuildFile; fileRef = 18B405A82B5E361C00865812 /* ProductListVC.swift */; };
		18B418E92B64C09A00B091A0 /* ProductListview.storyboard in Resources */ = {isa = PBXBuildFile; fileRef = 18B418E82B64C09A00B091A0 /* ProductListview.storyboard */; };
		18B418EB2B64D7D100B091A0 /* ProductViewModel.swift in Sources */ = {isa = PBXBuildFile; fileRef = 18B418EA2B64D7D100B091A0 /* ProductViewModel.swift */; };
		18B418EE2B64E84A00B091A0 /* ProductCell.swift in Sources */ = {isa = PBXBuildFile; fileRef = 18B418EC2B64E84A00B091A0 /* ProductCell.swift */; };
		18B418EF2B64E84A00B091A0 /* ProductCell.xib in Resources */ = {isa = PBXBuildFile; fileRef = 18B418ED2B64E84A00B091A0 /* ProductCell.xib */; };
		18B418F22B65112000B091A0 /* Kingfisher in Frameworks */ = {isa = PBXBuildFile; productRef = 18B418F12B65112000B091A0 /* Kingfisher */; };
		18B418F42B6511A800B091A0 /* uiImageView+extension.swift in Sources */ = {isa = PBXBuildFile; fileRef = 18B418F32B6511A800B091A0 /* uiImageView+extension.swift */; };
		18C5022E2B63E9E1008DAED7 /* Alamofire in Frameworks */ = {isa = PBXBuildFile; productRef = 18C5022D2B63E9E1008DAED7 /* Alamofire */; };
		18D106B02B5EA398001EDFCF /* TableTableViewController.swift in Sources */ = {isa = PBXBuildFile; fileRef = 18D106AF2B5EA398001EDFCF /* TableTableViewController.swift */; };
/* End PBXBuildFile section */

/* Begin PBXFileReference section */
		182344EE2B69376B0040FEA0 /* AddProductViewController.swift */ = {isa = PBXFileReference; lastKnownFileType = sourcecode.swift; path = AddProductViewController.swift; sourceTree = "<group>"; };
		189933892B5C321100E1028E /* Products MVVM.app */ = {isa = PBXFileReference; explicitFileType = wrapper.application; includeInIndex = 0; path = "Products MVVM.app"; sourceTree = BUILT_PRODUCTS_DIR; };
		1899338C2B5C321100E1028E /* AppDelegate.swift */ = {isa = PBXFileReference; lastKnownFileType = sourcecode.swift; path = AppDelegate.swift; sourceTree = "<group>"; };
		1899338E2B5C321100E1028E /* SceneDelegate.swift */ = {isa = PBXFileReference; lastKnownFileType = sourcecode.swift; path = SceneDelegate.swift; sourceTree = "<group>"; };
		189933932B5C321100E1028E /* Base */ = {isa = PBXFileReference; lastKnownFileType = file.storyboard; name = Base; path = Base.lproj/Main.storyboard; sourceTree = "<group>"; };
		189933952B5C321400E1028E /* Assets.xcassets */ = {isa = PBXFileReference; lastKnownFileType = folder.assetcatalog; path = Assets.xcassets; sourceTree = "<group>"; };
		189933982B5C321400E1028E /* Base */ = {isa = PBXFileReference; lastKnownFileType = file.storyboard; name = Base; path = Base.lproj/LaunchScreen.storyboard; sourceTree = "<group>"; };
		1899339A2B5C321400E1028E /* Info.plist */ = {isa = PBXFileReference; lastKnownFileType = text.plist.xml; path = Info.plist; sourceTree = "<group>"; };
		189933AA2B5C34CA00E1028E /* ProductModel.swift */ = {isa = PBXFileReference; lastKnownFileType = sourcecode.swift; path = ProductModel.swift; sourceTree = "<group>"; };
		189933AC2B5C35B500E1028E /* APIHelper.swift */ = {isa = PBXFileReference; lastKnownFileType = sourcecode.swift; path = APIHelper.swift; sourceTree = "<group>"; };
		1899F51D2B5CB502008ECEB5 /* Constant.swift */ = {isa = PBXFileReference; lastKnownFileType = sourcecode.swift; path = Constant.swift; sourceTree = "<group>"; };
		189B1EDF2B6A4533007402FE /* AddProduct.swift */ = {isa = PBXFileReference; lastKnownFileType = sourcecode.swift; path = AddProduct.swift; sourceTree = "<group>"; };
		189B1EE12B6A48C8007402FE /* ProductEndPoint.swift */ = {isa = PBXFileReference; lastKnownFileType = sourcecode.swift; path = ProductEndPoint.swift; sourceTree = "<group>"; };
		189FB82E2B66BDD5000B81AF /* endPointType.swift */ = {isa = PBXFileReference; lastKnownFileType = sourcecode.swift; path = endPointType.swift; sourceTree = "<group>"; };
		18B405A82B5E361C00865812 /* ProductListVC.swift */ = {isa = PBXFileReference; lastKnownFileType = sourcecode.swift; path = ProductListVC.swift; sourceTree = "<group>"; };
		18B418E82B64C09A00B091A0 /* ProductListview.storyboard */ = {isa = PBXFileReference; lastKnownFileType = file.storyboard; path = ProductListview.storyboard; sourceTree = "<group>"; };
		18B418EA2B64D7D100B091A0 /* ProductViewModel.swift */ = {isa = PBXFileReference; lastKnownFileType = sourcecode.swift; path = ProductViewModel.swift; sourceTree = "<group>"; };
		18B418EC2B64E84A00B091A0 /* ProductCell.swift */ = {isa = PBXFileReference; lastKnownFileType = sourcecode.swift; path = ProductCell.swift; sourceTree = "<group>"; };
		18B418ED2B64E84A00B091A0 /* ProductCell.xib */ = {isa = PBXFileReference; lastKnownFileType = file.xib; path = ProductCell.xib; sourceTree = "<group>"; };
		18B418F32B6511A800B091A0 /* uiImageView+extension.swift */ = {isa = PBXFileReference; lastKnownFileType = sourcecode.swift; path = "uiImageView+extension.swift"; sourceTree = "<group>"; };
		18D106AF2B5EA398001EDFCF /* TableTableViewController.swift */ = {isa = PBXFileReference; lastKnownFileType = sourcecode.swift; path = TableTableViewController.swift; sourceTree = "<group>"; };
/* End PBXFileReference section */

/* Begin PBXFrameworksBuildPhase section */
		189933862B5C321100E1028E /* Frameworks */ = {
			isa = PBXFrameworksBuildPhase;
			buildActionMask = 2147483647;
			files = (
				18B418F22B65112000B091A0 /* Kingfisher in Frameworks */,
				18C5022E2B63E9E1008DAED7 /* Alamofire in Frameworks */,
			);
			runOnlyForDeploymentPostprocessing = 0;
		};
/* End PBXFrameworksBuildPhase section */

/* Begin PBXGroup section */
		189933802B5C321100E1028E = {
			isa = PBXGroup;
			children = (
				1899338B2B5C321100E1028E /* Products MVVM */,
				1899338A2B5C321100E1028E /* Products */,
			);
			sourceTree = "<group>";
		};
		1899338A2B5C321100E1028E /* Products */ = {
			isa = PBXGroup;
			children = (
				189933892B5C321100E1028E /* Products MVVM.app */,
			);
			name = Products;
			sourceTree = "<group>";
		};
		1899338B2B5C321100E1028E /* Products MVVM */ = {
			isa = PBXGroup;
			children = (
				189933A02B5C324D00E1028E /* Application */,
				189933A62B5C32D100E1028E /* Constants */,
				189933A52B5C32BD00E1028E /* Extensions */,
				189FB82D2B66BD75000B81AF /* Utility */,
				189933A42B5C32B000E1028E /* Helper */,
				189933A32B5C329F00E1028E /* Screens */,
				189933A22B5C328900E1028E /* Storyboard */,
				189933A12B5C326100E1028E /* Resourcess */,
				189933952B5C321400E1028E /* Assets.xcassets */,
				1899339A2B5C321400E1028E /* Info.plist */,
			);
			path = "Products MVVM";
			sourceTree = "<group>";
		};
		189933A02B5C324D00E1028E /* Application */ = {
			isa = PBXGroup;
			children = (
				1899338C2B5C321100E1028E /* AppDelegate.swift */,
				1899338E2B5C321100E1028E /* SceneDelegate.swift */,
			);
			path = Application;
			sourceTree = "<group>";
		};
		189933A12B5C326100E1028E /* Resourcess */ = {
			isa = PBXGroup;
			children = (
			);
			path = Resourcess;
			sourceTree = "<group>";
		};
		189933A22B5C328900E1028E /* Storyboard */ = {
			isa = PBXGroup;
			children = (
				189933922B5C321100E1028E /* Main.storyboard */,
				18B418E82B64C09A00B091A0 /* ProductListview.storyboard */,
				189933972B5C321400E1028E /* LaunchScreen.storyboard */,
			);
			path = Storyboard;
			sourceTree = "<group>";
		};
		189933A32B5C329F00E1028E /* Screens */ = {
			isa = PBXGroup;
			children = (
				189933A92B5C339A00E1028E /* Model */,
				189933A82B5C338E00E1028E /* View */,
				189933A72B5C337B00E1028E /* ViewModel */,
			);
			path = Screens;
			sourceTree = "<group>";
		};
		189933A42B5C32B000E1028E /* Helper */ = {
			isa = PBXGroup;
			children = (
				189933AC2B5C35B500E1028E /* APIHelper.swift */,
			);
			path = Helper;
			sourceTree = "<group>";
		};
		189933A52B5C32BD00E1028E /* Extensions */ = {
			isa = PBXGroup;
			children = (
				18B418F32B6511A800B091A0 /* uiImageView+extension.swift */,
			);
			path = Extensions;
			sourceTree = "<group>";
		};
		189933A62B5C32D100E1028E /* Constants */ = {
			isa = PBXGroup;
			children = (
				1899F51D2B5CB502008ECEB5 /* Constant.swift */,
			);
			path = Constants;
			sourceTree = "<group>";
		};
		189933A72B5C337B00E1028E /* ViewModel */ = {
			isa = PBXGroup;
			children = (
				18B418EA2B64D7D100B091A0 /* ProductViewModel.swift */,
			);
			path = ViewModel;
			sourceTree = "<group>";
		};
		189933A82B5C338E00E1028E /* View */ = {
			isa = PBXGroup;
			children = (
				18B405A82B5E361C00865812 /* ProductListVC.swift */,
				18D106AF2B5EA398001EDFCF /* TableTableViewController.swift */,
				18B418EC2B64E84A00B091A0 /* ProductCell.swift */,
				18B418ED2B64E84A00B091A0 /* ProductCell.xib */,
				182344EE2B69376B0040FEA0 /* AddProductViewController.swift */,
			);
			path = View;
			sourceTree = "<group>";
		};
		189933A92B5C339A00E1028E /* Model */ = {
			isa = PBXGroup;
			children = (
				189933AA2B5C34CA00E1028E /* ProductModel.swift */,
				189B1EDF2B6A4533007402FE /* AddProduct.swift */,
			);
			path = Model;
			sourceTree = "<group>";
		};
		189FB82D2B66BD75000B81AF /* Utility */ = {
			isa = PBXGroup;
			children = (
				189FB82E2B66BDD5000B81AF /* endPointType.swift */,
				189B1EE12B6A48C8007402FE /* ProductEndPoint.swift */,
			);
			path = Utility;
			sourceTree = "<group>";
		};
/* End PBXGroup section */

/* Begin PBXNativeTarget section */
		189933882B5C321100E1028E /* Products MVVM */ = {
			isa = PBXNativeTarget;
			buildConfigurationList = 1899339D2B5C321400E1028E /* Build configuration list for PBXNativeTarget "Products MVVM" */;
			buildPhases = (
				189933852B5C321100E1028E /* Sources */,
				189933862B5C321100E1028E /* Frameworks */,
				189933872B5C321100E1028E /* Resources */,
			);
			buildRules = (
			);
			dependencies = (
			);
			name = "Products MVVM";
			packageProductDependencies = (
				18C5022D2B63E9E1008DAED7 /* Alamofire */,
				18B418F12B65112000B091A0 /* Kingfisher */,
			);
			productName = "Products MVVM";
			productReference = 189933892B5C321100E1028E /* Products MVVM.app */;
			productType = "com.apple.product-type.application";
		};
/* End PBXNativeTarget section */

/* Begin PBXProject section */
		189933812B5C321100E1028E /* Project object */ = {
			isa = PBXProject;
			attributes = {
				BuildIndependentTargetsInParallel = 1;
				LastSwiftUpdateCheck = 1320;
				LastUpgradeCheck = 1320;
				TargetAttributes = {
					189933882B5C321100E1028E = {
						CreatedOnToolsVersion = 13.2.1;
					};
				};
			};
			buildConfigurationList = 189933842B5C321100E1028E /* Build configuration list for PBXProject "Products MVVM" */;
			compatibilityVersion = "Xcode 13.0";
			developmentRegion = en;
			hasScannedForEncodings = 0;
			knownRegions = (
				en,
				Base,
			);
			mainGroup = 189933802B5C321100E1028E;
			packageReferences = (
				18C5022C2B63E9E1008DAED7 /* XCRemoteSwiftPackageReference "Alamofire" */,
				18B418F02B65111F00B091A0 /* XCRemoteSwiftPackageReference "Kingfisher" */,
			);
			productRefGroup = 1899338A2B5C321100E1028E /* Products */;
			projectDirPath = "";
			projectRoot = "";
			targets = (
				189933882B5C321100E1028E /* Products MVVM */,
			);
		};
/* End PBXProject section */

/* Begin PBXResourcesBuildPhase section */
		189933872B5C321100E1028E /* Resources */ = {
			isa = PBXResourcesBuildPhase;
			buildActionMask = 2147483647;
			files = (
				189933992B5C321400E1028E /* LaunchScreen.storyboard in Resources */,
				18B418E92B64C09A00B091A0 /* ProductListview.storyboard in Resources */,
				18B418EF2B64E84A00B091A0 /* ProductCell.xib in Resources */,
				189933962B5C321400E1028E /* Assets.xcassets in Resources */,
				189933942B5C321100E1028E /* Main.storyboard in Resources */,
			);
			runOnlyForDeploymentPostprocessing = 0;
		};
/* End PBXResourcesBuildPhase section */

/* Begin PBXSourcesBuildPhase section */
		189933852B5C321100E1028E /* Sources */ = {
			isa = PBXSourcesBuildPhase;
			buildActionMask = 2147483647;
			files = (
				189933AD2B5C35B500E1028E /* APIHelper.swift in Sources */,
				1899338D2B5C321100E1028E /* AppDelegate.swift in Sources */,
				189B1EE22B6A48C8007402FE /* ProductEndPoint.swift in Sources */,
				182344EF2B69376B0040FEA0 /* AddProductViewController.swift in Sources */,
				1899F51E2B5CB502008ECEB5 /* Constant.swift in Sources */,
				18B405A92B5E361C00865812 /* ProductListVC.swift in Sources */,
				18B418F42B6511A800B091A0 /* uiImageView+extension.swift in Sources */,
				18D106B02B5EA398001EDFCF /* TableTableViewController.swift in Sources */,
				189FB82F2B66BDD5000B81AF /* endPointType.swift in Sources */,
				189933AB2B5C34CA00E1028E /* ProductModel.swift in Sources */,
				189B1EE02B6A4533007402FE /* AddProduct.swift in Sources */,
				18B418EE2B64E84A00B091A0 /* ProductCell.swift in Sources */,
				18B418EB2B64D7D100B091A0 /* ProductViewModel.swift in Sources */,
				1899338F2B5C321100E1028E /* SceneDelegate.swift in Sources */,
			);
			runOnlyForDeploymentPostprocessing = 0;
		};
/* End PBXSourcesBuildPhase section */

/* Begin PBXVariantGroup section */
		189933922B5C321100E1028E /* Main.storyboard */ = {
			isa = PBXVariantGroup;
			children = (
				189933932B5C321100E1028E /* Base */,
			);
			name = Main.storyboard;
			sourceTree = "<group>";
		};
		189933972B5C321400E1028E /* LaunchScreen.storyboard */ = {
			isa = PBXVariantGroup;
			children = (
				189933982B5C321400E1028E /* Base */,
			);
			name = LaunchScreen.storyboard;
			sourceTree = "<group>";
		};
/* End PBXVariantGroup section */

/* Begin XCBuildConfiguration section */
		1899339B2B5C321400E1028E /* Debug */ = {
			isa = XCBuildConfiguration;
			buildSettings = {
				ALWAYS_SEARCH_USER_PATHS = NO;
				CLANG_ANALYZER_NONNULL = YES;
				CLANG_ANALYZER_NUMBER_OBJECT_CONVERSION = YES_AGGRESSIVE;
				CLANG_CXX_LANGUAGE_STANDARD = "gnu++17";
				CLANG_CXX_LIBRARY = "libc++";
				CLANG_ENABLE_MODULES = YES;
				CLANG_ENABLE_OBJC_ARC = YES;
				CLANG_ENABLE_OBJC_WEAK = YES;
				CLANG_WARN_BLOCK_CAPTURE_AUTORELEASING = YES;
				CLANG_WARN_BOOL_CONVERSION = YES;
				CLANG_WARN_COMMA = YES;
				CLANG_WARN_CONSTANT_CONVERSION = YES;
				CLANG_WARN_DEPRECATED_OBJC_IMPLEMENTATIONS = YES;
				CLANG_WARN_DIRECT_OBJC_ISA_USAGE = YES_ERROR;
				CLANG_WARN_DOCUMENTATION_COMMENTS = YES;
				CLANG_WARN_EMPTY_BODY = YES;
				CLANG_WARN_ENUM_CONVERSION = YES;
				CLANG_WARN_INFINITE_RECURSION = YES;
				CLANG_WARN_INT_CONVERSION = YES;
				CLANG_WARN_NON_LITERAL_NULL_CONVERSION = YES;
				CLANG_WARN_OBJC_IMPLICIT_RETAIN_SELF = YES;
				CLANG_WARN_OBJC_LITERAL_CONVERSION = YES;
				CLANG_WARN_OBJC_ROOT_CLASS = YES_ERROR;
				CLANG_WARN_QUOTED_INCLUDE_IN_FRAMEWORK_HEADER = YES;
				CLANG_WARN_RANGE_LOOP_ANALYSIS = YES;
				CLANG_WARN_STRICT_PROTOTYPES = YES;
				CLANG_WARN_SUSPICIOUS_MOVE = YES;
				CLANG_WARN_UNGUARDED_AVAILABILITY = YES_AGGRESSIVE;
				CLANG_WARN_UNREACHABLE_CODE = YES;
				CLANG_WARN__DUPLICATE_METHOD_MATCH = YES;
				COPY_PHASE_STRIP = NO;
				DEBUG_INFORMATION_FORMAT = dwarf;
				ENABLE_STRICT_OBJC_MSGSEND = YES;
				ENABLE_TESTABILITY = YES;
				GCC_C_LANGUAGE_STANDARD = gnu11;
				GCC_DYNAMIC_NO_PIC = NO;
				GCC_NO_COMMON_BLOCKS = YES;
				GCC_OPTIMIZATION_LEVEL = 0;
				GCC_PREPROCESSOR_DEFINITIONS = (
					"DEBUG=1",
					"$(inherited)",
				);
				GCC_WARN_64_TO_32_BIT_CONVERSION = YES;
				GCC_WARN_ABOUT_RETURN_TYPE = YES_ERROR;
				GCC_WARN_UNDECLARED_SELECTOR = YES;
				GCC_WARN_UNINITIALIZED_AUTOS = YES_AGGRESSIVE;
				GCC_WARN_UNUSED_FUNCTION = YES;
				GCC_WARN_UNUSED_VARIABLE = YES;
				INFOPLIST_KEY_UIMainStoryboardFile = "";
				IPHONEOS_DEPLOYMENT_TARGET = 15.2;
				MTL_ENABLE_DEBUG_INFO = INCLUDE_SOURCE;
				MTL_FAST_MATH = YES;
				ONLY_ACTIVE_ARCH = YES;
				SDKROOT = iphoneos;
				SWIFT_ACTIVE_COMPILATION_CONDITIONS = DEBUG;
				SWIFT_OPTIMIZATION_LEVEL = "-Onone";
			};
			name = Debug;
		};
		1899339C2B5C321400E1028E /* Release */ = {
			isa = XCBuildConfiguration;
			buildSettings = {
				ALWAYS_SEARCH_USER_PATHS = NO;
				CLANG_ANALYZER_NONNULL = YES;
				CLANG_ANALYZER_NUMBER_OBJECT_CONVERSION = YES_AGGRESSIVE;
				CLANG_CXX_LANGUAGE_STANDARD = "gnu++17";
				CLANG_CXX_LIBRARY = "libc++";
				CLANG_ENABLE_MODULES = YES;
				CLANG_ENABLE_OBJC_ARC = YES;
				CLANG_ENABLE_OBJC_WEAK = YES;
				CLANG_WARN_BLOCK_CAPTURE_AUTORELEASING = YES;
				CLANG_WARN_BOOL_CONVERSION = YES;
				CLANG_WARN_COMMA = YES;
				CLANG_WARN_CONSTANT_CONVERSION = YES;
				CLANG_WARN_DEPRECATED_OBJC_IMPLEMENTATIONS = YES;
				CLANG_WARN_DIRECT_OBJC_ISA_USAGE = YES_ERROR;
				CLANG_WARN_DOCUMENTATION_COMMENTS = YES;
				CLANG_WARN_EMPTY_BODY = YES;
				CLANG_WARN_ENUM_CONVERSION = YES;
				CLANG_WARN_INFINITE_RECURSION = YES;
				CLANG_WARN_INT_CONVERSION = YES;
				CLANG_WARN_NON_LITERAL_NULL_CONVERSION = YES;
				CLANG_WARN_OBJC_IMPLICIT_RETAIN_SELF = YES;
				CLANG_WARN_OBJC_LITERAL_CONVERSION = YES;
				CLANG_WARN_OBJC_ROOT_CLASS = YES_ERROR;
				CLANG_WARN_QUOTED_INCLUDE_IN_FRAMEWORK_HEADER = YES;
				CLANG_WARN_RANGE_LOOP_ANALYSIS = YES;
				CLANG_WARN_STRICT_PROTOTYPES = YES;
				CLANG_WARN_SUSPICIOUS_MOVE = YES;
				CLANG_WARN_UNGUARDED_AVAILABILITY = YES_AGGRESSIVE;
				CLANG_WARN_UNREACHABLE_CODE = YES;
				CLANG_WARN__DUPLICATE_METHOD_MATCH = YES;
				COPY_PHASE_STRIP = NO;
				DEBUG_INFORMATION_FORMAT = "dwarf-with-dsym";
				ENABLE_NS_ASSERTIONS = NO;
				ENABLE_STRICT_OBJC_MSGSEND = YES;
				GCC_C_LANGUAGE_STANDARD = gnu11;
				GCC_NO_COMMON_BLOCKS = YES;
				GCC_WARN_64_TO_32_BIT_CONVERSION = YES;
				GCC_WARN_ABOUT_RETURN_TYPE = YES_ERROR;
				GCC_WARN_UNDECLARED_SELECTOR = YES;
				GCC_WARN_UNINITIALIZED_AUTOS = YES_AGGRESSIVE;
				GCC_WARN_UNUSED_FUNCTION = YES;
				GCC_WARN_UNUSED_VARIABLE = YES;
				INFOPLIST_KEY_UIMainStoryboardFile = "";
				IPHONEOS_DEPLOYMENT_TARGET = 15.2;
				MTL_ENABLE_DEBUG_INFO = NO;
				MTL_FAST_MATH = YES;
				SDKROOT = iphoneos;
				SWIFT_COMPILATION_MODE = wholemodule;
				SWIFT_OPTIMIZATION_LEVEL = "-O";
				VALIDATE_PRODUCT = YES;
			};
			name = Release;
		};
		1899339E2B5C321400E1028E /* Debug */ = {
			isa = XCBuildConfiguration;
			buildSettings = {
				ASSETCATALOG_COMPILER_APPICON_NAME = AppIcon;
				ASSETCATALOG_COMPILER_GLOBAL_ACCENT_COLOR_NAME = AccentColor;
				CODE_SIGN_STYLE = Automatic;
				CURRENT_PROJECT_VERSION = 1;
				DEVELOPMENT_TEAM = B3T7FH3ZG6;
				GENERATE_INFOPLIST_FILE = YES;
				INFOPLIST_FILE = "Products MVVM/Info.plist";
				INFOPLIST_KEY_UIApplicationSupportsIndirectInputEvents = YES;
				INFOPLIST_KEY_UILaunchStoryboardName = LaunchScreen;
				INFOPLIST_KEY_UIMainStoryboardFile = ProductListview;
				INFOPLIST_KEY_UISupportedInterfaceOrientations_iPad = "UIInterfaceOrientationPortrait UIInterfaceOrientationPortraitUpsideDown UIInterfaceOrientationLandscapeLeft UIInterfaceOrientationLandscapeRight";
				INFOPLIST_KEY_UISupportedInterfaceOrientations_iPhone = "UIInterfaceOrientationPortrait UIInterfaceOrientationLandscapeLeft UIInterfaceOrientationLandscapeRight";
				LD_RUNPATH_SEARCH_PATHS = (
					"$(inherited)",
					"@executable_path/Frameworks",
				);
				MARKETING_VERSION = 1.0;
				PRODUCT_BUNDLE_IDENTIFIER = "com.Dan.Products-MVVM";
				PRODUCT_NAME = "$(TARGET_NAME)";
				SWIFT_EMIT_LOC_STRINGS = YES;
				SWIFT_VERSION = 5.0;
				TARGETED_DEVICE_FAMILY = "1,2";
			};
			name = Debug;
		};
		1899339F2B5C321400E1028E /* Release */ = {
			isa = XCBuildConfiguration;
			buildSettings = {
				ASSETCATALOG_COMPILER_APPICON_NAME = AppIcon;
				ASSETCATALOG_COMPILER_GLOBAL_ACCENT_COLOR_NAME = AccentColor;
				CODE_SIGN_STYLE = Automatic;
				CURRENT_PROJECT_VERSION = 1;
				DEVELOPMENT_TEAM = B3T7FH3ZG6;
				GENERATE_INFOPLIST_FILE = YES;
				INFOPLIST_FILE = "Products MVVM/Info.plist";
				INFOPLIST_KEY_UIApplicationSupportsIndirectInputEvents = YES;
				INFOPLIST_KEY_UILaunchStoryboardName = LaunchScreen;
				INFOPLIST_KEY_UIMainStoryboardFile = ProductListview;
				INFOPLIST_KEY_UISupportedInterfaceOrientations_iPad = "UIInterfaceOrientationPortrait UIInterfaceOrientationPortraitUpsideDown UIInterfaceOrientationLandscapeLeft UIInterfaceOrientationLandscapeRight";
				INFOPLIST_KEY_UISupportedInterfaceOrientations_iPhone = "UIInterfaceOrientationPortrait UIInterfaceOrientationLandscapeLeft UIInterfaceOrientationLandscapeRight";
				LD_RUNPATH_SEARCH_PATHS = (
					"$(inherited)",
					"@executable_path/Frameworks",
				);
				MARKETING_VERSION = 1.0;
				PRODUCT_BUNDLE_IDENTIFIER = "com.Dan.Products-MVVM";
				PRODUCT_NAME = "$(TARGET_NAME)";
				SWIFT_EMIT_LOC_STRINGS = YES;
				SWIFT_VERSION = 5.0;
				TARGETED_DEVICE_FAMILY = "1,2";
			};
			name = Release;
		};
/* End XCBuildConfiguration section */

/* Begin XCConfigurationList section */
		189933842B5C321100E1028E /* Build configuration list for PBXProject "Products MVVM" */ = {
			isa = XCConfigurationList;
			buildConfigurations = (
				1899339B2B5C321400E1028E /* Debug */,
				1899339C2B5C321400E1028E /* Release */,
			);
			defaultConfigurationIsVisible = 0;
			defaultConfigurationName = Release;
		};
		1899339D2B5C321400E1028E /* Build configuration list for PBXNativeTarget "Products MVVM" */ = {
			isa = XCConfigurationList;
			buildConfigurations = (
				1899339E2B5C321400E1028E /* Debug */,
				1899339F2B5C321400E1028E /* Release */,
			);
			defaultConfigurationIsVisible = 0;
			defaultConfigurationName = Release;
		};
/* End XCConfigurationList section */

/* Begin XCRemoteSwiftPackageReference section */
		18B418F02B65111F00B091A0 /* XCRemoteSwiftPackageReference "Kingfisher" */ = {
			isa = XCRemoteSwiftPackageReference;
			repositoryURL = "https://github.com/onevcat/Kingfisher.git";
			requirement = {
				kind = upToNextMajorVersion;
				minimumVersion = 7.0.0;
			};
		};
		18C5022C2B63E9E1008DAED7 /* XCRemoteSwiftPackageReference "Alamofire" */ = {
			isa = XCRemoteSwiftPackageReference;
			repositoryURL = "https://github.com/Alamofire/Alamofire.git";
			requirement = {
				kind = upToNextMajorVersion;
				minimumVersion = 5.0.0;
			};
		};
/* End XCRemoteSwiftPackageReference section */

/* Begin XCSwiftPackageProductDependency section */
		18B418F12B65112000B091A0 /* Kingfisher */ = {
			isa = XCSwiftPackageProductDependency;
			package = 18B418F02B65111F00B091A0 /* XCRemoteSwiftPackageReference "Kingfisher" */;
			productName = Kingfisher;
		};
		18C5022D2B63E9E1008DAED7 /* Alamofire */ = {
			isa = XCSwiftPackageProductDependency;
			package = 18C5022C2B63E9E1008DAED7 /* XCRemoteSwiftPackageReference "Alamofire" */;
			productName = Alamofire;
		};
/* End XCSwiftPackageProductDependency section */
	};
	rootObject = 189933812B5C321100E1028E /* Project object */;
}
